
Microsoft Visual Studio Solution File, Format Version 12.00
Project("{FAE04EC0-301F-11D3-BF4B-00C04F79EFBC}") = "HotelManagementSystem", "HotelManagementSystem\HotelManagementSystem.csproj", "{4546199A-6432-4970-BEDE-5A183BBAFE18}"
EndProject
Global
	GlobalSection(SolutionConfigurationPlatforms) = preSolution
		Debug|Any CPU = Debug|Any CPU
		Release|Any CPU = Release|Any CPU
	EndGlobalSection
	GlobalSection(ProjectConfigurationPlatforms) = postSolution
		{4546199A-6432-4970-BEDE-5A183BBAFE18}.Debug|Any CPU.ActiveCfg = Debug|Any CPU
		{4546199A-6432-4970-BEDE-5A183BBAFE18}.Debug|Any CPU.Build.0 = Debug|Any CPU
		{4546199A-6432-4970-BEDE-5A183BBAFE18}.Release|Any CPU.ActiveCfg = Release|Any CPU
		{4546199A-6432-4970-BEDE-5A183BBAFE18}.Release|Any CPU.Build.0 = Release|Any CPU
	EndGlobalSection
EndGlobal
